Microsoft Visual Studio Solution File, Format Version 12.00
# Visual Studio Version 17
VisualStudioVersion = 17.5.2.0
MinimumVisualStudioVersion = 10.0.40219.1
Project("{FAE04EC0-301F-11D3-BF4B-00C04F79EFBC}") = "FullstackTestCS2", "FullstackTestCS2.csproj", "{60CC12C3-3B8D-F370-58DC-648D49900444}"
EndProject
Global
	GlobalSection(SolutionConfigurationPlatforms) = preSolution
		Debug|Any CPU = Debug|Any CPU
		Release|Any CPU = Release|Any CPU
	EndGlobalSection
	GlobalSection(ProjectConfigurationPlatforms) = postSolution
		{60CC12C3-3B8D-F370-58DC-648D49900444}.Debug|Any CPU.ActiveCfg = Debug|Any CPU
		{60CC12C3-3B8D-F370-58DC-648D49900444}.Debug|Any CPU.Build.0 = Debug|Any CPU
		{60CC12C3-3B8D-F370-58DC-648D49900444}.Release|Any CPU.ActiveCfg = Release|Any CPU
		{60CC12C3-3B8D-F370-58DC-648D49900444}.Release|Any CPU.Build.0 = Release|Any CPU
	EndGlobalSection
	GlobalSection(SolutionProperties) = preSolution
		HideSolutionNode = FALSE
	EndGlobalSection
	GlobalSection(ExtensibilityGlobals) = postSolution
		SolutionGuid = {3B9E6A89-D955-435F-B622-2786726DEB34}
	EndGlobalSection
EndGlobal
